// !$*UTF8*$!
{
	archiveVersion = 1;
	classes = {
	};
	objectVersion = 56;
	objects = {

/* Begin PBXBuildFile section */
		AA0034162A02544100CBF445 /* MainView.swift in Sources */ = {isa = PBXBuildFile; fileRef = AA0034152A02544100CBF445 /* MainView.swift */; };
		AA3AAE2A29F953D700601702 /* LoginView.swift in Sources */ = {isa = PBXBuildFile; fileRef = AA3AAE2829F953D700601702 /* LoginView.swift */; };
		AA3AAE2B29F953D700601702 /* SignUpView.swift in Sources */ = {isa = PBXBuildFile; fileRef = AA3AAE2929F953D700601702 /* SignUpView.swift */; };
		AA3AAE2D29F953E300601702 /* LoginViewModel.swift in Sources */ = {isa = PBXBuildFile; fileRef = AA3AAE2C29F953E300601702 /* LoginViewModel.swift */; };
		AA3AAE3129F9544C00601702 /* FirebaseAuth in Frameworks */ = {isa = PBXBuildFile; productRef = AA3AAE3029F9544C00601702 /* FirebaseAuth */; };
		AA3AAE3329F954C900601702 /* GoogleService-Info.plist in Resources */ = {isa = PBXBuildFile; fileRef = AA3AAE3229F954C900601702 /* GoogleService-Info.plist */; };
		AA43DBAE2A094661000CEE70 /* PasswordResetView.swift in Sources */ = {isa = PBXBuildFile; fileRef = AA43DBAD2A094661000CEE70 /* PasswordResetView.swift */; };
		AAE173D829DEC863000BBE2B /* BrainyApp.swift in Sources */ = {isa = PBXBuildFile; fileRef = AAE173D729DEC863000BBE2B /* BrainyApp.swift */; };
		AAE173DA29DEC863000BBE2B /* ContentView.swift in Sources */ = {isa = PBXBuildFile; fileRef = AAE173D929DEC863000BBE2B /* ContentView.swift */; };
		AAE173DC29DEC865000BBE2B /* Assets.xcassets in Resources */ = {isa = PBXBuildFile; fileRef = AAE173DB29DEC865000BBE2B /* Assets.xcassets */; };
		AAE173DF29DEC865000BBE2B /* Preview Assets.xcassets in Resources */ = {isa = PBXBuildFile; fileRef = AAE173DE29DEC865000BBE2B /* Preview Assets.xcassets */; };
		AAEFAE0A2A20D1D200B9170C /* NewProjectView.swift in Sources */ = {isa = PBXBuildFile; fileRef = AAEFAE092A20D1D100B9170C /* NewProjectView.swift */; };
		AAEFAEBD2A2F742F00B9170C /* BrainyUITests.swift in Sources */ = {isa = PBXBuildFile; fileRef = AAEFAEBC2A2F742F00B9170C /* BrainyUITests.swift */; };
		AAEFAEBF2A2F742F00B9170C /* BrainyUITestsLaunchTests.swift in Sources */ = {isa = PBXBuildFile; fileRef = AAEFAEBE2A2F742F00B9170C /* BrainyUITestsLaunchTests.swift */; };
		AAEFAECC2A2F743800B9170C /* BrainyTests.swift in Sources */ = {isa = PBXBuildFile; fileRef = AAEFAECB2A2F743800B9170C /* BrainyTests.swift */; };
		AAFF06372A0B82B400F17D91 /* Bangers-Regular.ttf in Resources */ = {isa = PBXBuildFile; fileRef = AAFF06362A0B82B400F17D91 /* Bangers-Regular.ttf */; };
/* End PBXBuildFile section */

/* Begin PBXContainerItemProxy section */
		AAEFAEC02A2F742F00B9170C /* PBXContainerItemProxy */ = {
			isa = PBXContainerItemProxy;
			containerPortal = AAE173CC29DEC863000BBE2B /* Project object */;
			proxyType = 1;
			remoteGlobalIDString = AAE173D329DEC863000BBE2B;
			remoteInfo = Brainy;
		};
		AAEFAECD2A2F743800B9170C /* PBXContainerItemProxy */ = {
			isa = PBXContainerItemProxy;
			containerPortal = AAE173CC29DEC863000BBE2B /* Project object */;
			proxyType = 1;
			remoteGlobalIDString = AAE173D329DEC863000BBE2B;
			remoteInfo = Brainy;
		};
/* End PBXContainerItemProxy section */

/* Begin PBXFileReference section */
		AA0034152A02544100CBF445 /* MainView.swift */ = {isa = PBXFileReference; lastKnownFileType = sourcecode.swift; path = MainView.swift; sourceTree = "<group>"; };
		AA3AAE2829F953D700601702 /* LoginView.swift */ = {isa = PBXFileReference; fileEncoding = 4; lastKnownFileType = sourcecode.swift; path = LoginView.swift; sourceTree = "<group>"; };
		AA3AAE2929F953D700601702 /* SignUpView.swift */ = {isa = PBXFileReference; fileEncoding = 4; lastKnownFileType = sourcecode.swift; path = SignUpView.swift; sourceTree = "<group>"; };
		AA3AAE2C29F953E300601702 /* LoginViewModel.swift */ = {isa = PBXFileReference; fileEncoding = 4; lastKnownFileType = sourcecode.swift; path = LoginViewModel.swift; sourceTree = "<group>"; };
		AA3AAE3229F954C900601702 /* GoogleService-Info.plist */ = {isa = PBXFileReference; fileEncoding = 4; lastKnownFileType = text.plist.xml; path = "GoogleService-Info.plist"; sourceTree = "<group>"; };
		AA43DBAD2A094661000CEE70 /* PasswordResetView.swift */ = {isa = PBXFileReference; lastKnownFileType = sourcecode.swift; path = PasswordResetView.swift; sourceTree = "<group>"; };
		AAE173D429DEC863000BBE2B /* Brainy.app */ = {isa = PBXFileReference; explicitFileType = wrapper.application; includeInIndex = 0; path = Brainy.app; sourceTree = BUILT_PRODUCTS_DIR; };
		AAE173D729DEC863000BBE2B /* BrainyApp.swift */ = {isa = PBXFileReference; lastKnownFileType = sourcecode.swift; path = BrainyApp.swift; sourceTree = "<group>"; };
		AAE173D929DEC863000BBE2B /* ContentView.swift */ = {isa = PBXFileReference; lastKnownFileType = sourcecode.swift; path = ContentView.swift; sourceTree = "<group>"; };
		AAE173DB29DEC865000BBE2B /* Assets.xcassets */ = {isa = PBXFileReference; lastKnownFileType = folder.assetcatalog; path = Assets.xcassets; sourceTree = "<group>"; };
		AAE173DE29DEC865000BBE2B /* Preview Assets.xcassets */ = {isa = PBXFileReference; lastKnownFileType = folder.assetcatalog; path = "Preview Assets.xcassets"; sourceTree = "<group>"; };
		AAEFAE092A20D1D100B9170C /* NewProjectView.swift */ = {isa = PBXFileReference; lastKnownFileType = sourcecode.swift; path = NewProjectView.swift; sourceTree = "<group>"; };
		AAEFAEBA2A2F742F00B9170C /* BrainyUITests.xctest */ = {isa = PBXFileReference; explicitFileType = wrapper.cfbundle; includeInIndex = 0; path = BrainyUITests.xctest; sourceTree = BUILT_PRODUCTS_DIR; };
		AAEFAEBC2A2F742F00B9170C /* BrainyUITests.swift */ = {isa = PBXFileReference; lastKnownFileType = sourcecode.swift; path = BrainyUITests.swift; sourceTree = "<group>"; };
		AAEFAEBE2A2F742F00B9170C /* BrainyUITestsLaunchTests.swift */ = {isa = PBXFileReference; lastKnownFileType = sourcecode.swift; path = BrainyUITestsLaunchTests.swift; sourceTree = "<group>"; };
		AAEFAEC92A2F743800B9170C /* BrainyTests.xctest */ = {isa = PBXFileReference; explicitFileType = wrapper.cfbundle; includeInIndex = 0; path = BrainyTests.xctest; sourceTree = BUILT_PRODUCTS_DIR; };
		AAEFAECB2A2F743800B9170C /* BrainyTests.swift */ = {isa = PBXFileReference; lastKnownFileType = sourcecode.swift; path = BrainyTests.swift; sourceTree = "<group>"; };
		AAFF06342A0B815800F17D91 /* Info.plist */ = {isa = PBXFileReference; lastKnownFileType = text.plist; path = Info.plist; sourceTree = "<group>"; };
		AAFF06362A0B82B400F17D91 /* Bangers-Regular.ttf */ = {isa = PBXFileReference; lastKnownFileType = file; path = "Bangers-Regular.ttf"; sourceTree = "<group>"; };
/* End PBXFileReference section */

/* Begin PBXFrameworksBuildPhase section */
		AAE173D129DEC863000BBE2B /* Frameworks */ = {
			isa = PBXFrameworksBuildPhase;
			buildActionMask = 2147483647;
			files = (
				AA3AAE3129F9544C00601702 /* FirebaseAuth in Frameworks */,
			);
			runOnlyForDeploymentPostprocessing = 0;
		};
		AAEFAEB72A2F742F00B9170C /* Frameworks */ = {
			isa = PBXFrameworksBuildPhase;
			buildActionMask = 2147483647;
			files = (
			);
			runOnlyForDeploymentPostprocessing = 0;
		};
		AAEFAEC62A2F743800B9170C /* Frameworks */ = {
			isa = PBXFrameworksBuildPhase;
			buildActionMask = 2147483647;
			files = (
			);
			runOnlyForDeploymentPostprocessing = 0;
		};
/* End PBXFrameworksBuildPhase section */

/* Begin PBXGroup section */
		AA3AAE2E29F953F300601702 /* Model */ = {
			isa = PBXGroup;
			children = (
			);
			path = Model;
			sourceTree = "<group>";
		};
		AAE173CB29DEC863000BBE2B = {
			isa = PBXGroup;
			children = (
				AAE173D629DEC863000BBE2B /* Brainy */,
				AAEFAEBB2A2F742F00B9170C /* BrainyUITests */,
				AAEFAECA2A2F743800B9170C /* BrainyTests */,
				AAE173D529DEC863000BBE2B /* Products */,
			);
			sourceTree = "<group>";
		};
		AAE173D529DEC863000BBE2B /* Products */ = {
			isa = PBXGroup;
			children = (
				AAE173D429DEC863000BBE2B /* Brainy.app */,
				AAEFAEBA2A2F742F00B9170C /* BrainyUITests.xctest */,
				AAEFAEC92A2F743800B9170C /* BrainyTests.xctest */,
			);
			name = Products;
			sourceTree = "<group>";
		};
		AAE173D629DEC863000BBE2B /* Brainy */ = {
			isa = PBXGroup;
			children = (
				AAFF06352A0B81A300F17D91 /* Fonts */,
				AAFF06342A0B815800F17D91 /* Info.plist */,
				AA3AAE3229F954C900601702 /* GoogleService-Info.plist */,
				AA3AAE2E29F953F300601702 /* Model */,
				AAF9287F29DF35AF00FC47FD /* ViewModel */,
				AAF9288029DF35C000FC47FD /* View */,
				AAE173D729DEC863000BBE2B /* BrainyApp.swift */,
				AAE173D929DEC863000BBE2B /* ContentView.swift */,
				AAE173DB29DEC865000BBE2B /* Assets.xcassets */,
				AAE173DD29DEC865000BBE2B /* Preview Content */,
			);
			path = Brainy;
			sourceTree = "<group>";
		};
		AAE173DD29DEC865000BBE2B /* Preview Content */ = {
			isa = PBXGroup;
			children = (
				AAE173DE29DEC865000BBE2B /* Preview Assets.xcassets */,
			);
			path = "Preview Content";
			sourceTree = "<group>";
		};
		AAEFAEBB2A2F742F00B9170C /* BrainyUITests */ = {
			isa = PBXGroup;
			children = (
				AAEFAEBC2A2F742F00B9170C /* BrainyUITests.swift */,
				AAEFAEBE2A2F742F00B9170C /* BrainyUITestsLaunchTests.swift */,
			);
			path = BrainyUITests;
			sourceTree = "<group>";
		};
		AAEFAECA2A2F743800B9170C /* BrainyTests */ = {
			isa = PBXGroup;
			children = (
				AAEFAECB2A2F743800B9170C /* BrainyTests.swift */,
			);
			path = BrainyTests;
			sourceTree = "<group>";
		};
		AAF9287F29DF35AF00FC47FD /* ViewModel */ = {
			isa = PBXGroup;
			children = (
				AA3AAE2C29F953E300601702 /* LoginViewModel.swift */,
			);
			path = ViewModel;
			sourceTree = "<group>";
		};
		AAF9288029DF35C000FC47FD /* View */ = {
			isa = PBXGroup;
			children = (
				AA3AAE2829F953D700601702 /* LoginView.swift */,
				AA3AAE2929F953D700601702 /* SignUpView.swift */,
				AA43DBAD2A094661000CEE70 /* PasswordResetView.swift */,
				AA0034152A02544100CBF445 /* MainView.swift */,
				AAEFAE092A20D1D100B9170C /* NewProjectView.swift */,
			);
			path = View;
			sourceTree = "<group>";
		};
		AAFF06352A0B81A300F17D91 /* Fonts */ = {
			isa = PBXGroup;
			children = (
				AAFF06362A0B82B400F17D91 /* Bangers-Regular.ttf */,
			);
			path = Fonts;
			sourceTree = "<group>";
		};
/* End PBXGroup section */

/* Begin PBXNativeTarget section */
		AAE173D329DEC863000BBE2B /* Brainy */ = {
			isa = PBXNativeTarget;
			buildConfigurationList = AAE173E229DEC865000BBE2B /* Build configuration list for PBXNativeTarget "Brainy" */;
			buildPhases = (
				AAE173D029DEC863000BBE2B /* Sources */,
				AAE173D129DEC863000BBE2B /* Frameworks */,
				AAE173D229DEC863000BBE2B /* Resources */,
			);
			buildRules = (
			);
			dependencies = (
			);
			name = Brainy;
			packageProductDependencies = (
				AA3AAE3029F9544C00601702 /* FirebaseAuth */,
			);
			productName = Brainy;
			productReference = AAE173D429DEC863000BBE2B /* Brainy.app */;
			productType = "com.apple.product-type.application";
		};
		AAEFAEB92A2F742F00B9170C /* BrainyUITests */ = {
			isa = PBXNativeTarget;
			buildConfigurationList = AAEFAEC22A2F742F00B9170C /* Build configuration list for PBXNativeTarget "BrainyUITests" */;
			buildPhases = (
				AAEFAEB62A2F742F00B9170C /* Sources */,
				AAEFAEB72A2F742F00B9170C /* Frameworks */,
				AAEFAEB82A2F742F00B9170C /* Resources */,
			);
			buildRules = (
			);
			dependencies = (
				AAEFAEC12A2F742F00B9170C /* PBXTargetDependency */,
			);
			name = BrainyUITests;
			productName = BrainyUITests;
			productReference = AAEFAEBA2A2F742F00B9170C /* BrainyUITests.xctest */;
			productType = "com.apple.product-type.bundle.ui-testing";
		};
		AAEFAEC82A2F743800B9170C /* BrainyTests */ = {
			isa = PBXNativeTarget;
			buildConfigurationList = AAEFAECF2A2F743800B9170C /* Build configuration list for PBXNativeTarget "BrainyTests" */;
			buildPhases = (
				AAEFAEC52A2F743800B9170C /* Sources */,
				AAEFAEC62A2F743800B9170C /* Frameworks */,
				AAEFAEC72A2F743800B9170C /* Resources */,
			);
			buildRules = (
			);
			dependencies = (
				AAEFAECE2A2F743800B9170C /* PBXTargetDependency */,
			);
			name = BrainyTests;
			productName = BrainyTests;
			productReference = AAEFAEC92A2F743800B9170C /* BrainyTests.xctest */;
			productType = "com.apple.product-type.bundle.unit-test";
		};
/* End PBXNativeTarget section */

/* Begin PBXProject section */
		AAE173CC29DEC863000BBE2B /* Project object */ = {
			isa = PBXProject;
			attributes = {
				BuildIndependentTargetsInParallel = 1;
				LastSwiftUpdateCheck = 1430;
				LastUpgradeCheck = 1430;
				TargetAttributes = {
					AAE173D329DEC863000BBE2B = {
						CreatedOnToolsVersion = 14.3;
					};
					AAEFAEB92A2F742F00B9170C = {
						CreatedOnToolsVersion = 14.3;
						TestTargetID = AAE173D329DEC863000BBE2B;
					};
					AAEFAEC82A2F743800B9170C = {
						CreatedOnToolsVersion = 14.3;
						TestTargetID = AAE173D329DEC863000BBE2B;
					};
				};
			};
			buildConfigurationList = AAE173CF29DEC863000BBE2B /* Build configuration list for PBXProject "Brainy" */;
			compatibilityVersion = "Xcode 14.0";
			developmentRegion = en;
			hasScannedForEncodings = 0;
			knownRegions = (
				en,
				Base,
			);
			mainGroup = AAE173CB29DEC863000BBE2B;
			packageReferences = (
				AA3AAE2F29F9544C00601702 /* XCRemoteSwiftPackageReference "firebase-ios-sdk" */,
			);
			productRefGroup = AAE173D529DEC863000BBE2B /* Products */;
			projectDirPath = "";
			projectRoot = "";
			targets = (
				AAE173D329DEC863000BBE2B /* Brainy */,
				AAEFAEB92A2F742F00B9170C /* BrainyUITests */,
				AAEFAEC82A2F743800B9170C /* BrainyTests */,
			);
		};
/* End PBXProject section */

/* Begin PBXResourcesBuildPhase section */
		AAE173D229DEC863000BBE2B /* Resources */ = {
			isa = PBXResourcesBuildPhase;
			buildActionMask = 2147483647;
			files = (
				AAFF06372A0B82B400F17D91 /* Bangers-Regular.ttf in Resources */,
				AAE173DF29DEC865000BBE2B /* Preview Assets.xcassets in Resources */,
				AAE173DC29DEC865000BBE2B /* Assets.xcassets in Resources */,
				AA3AAE3329F954C900601702 /* GoogleService-Info.plist in Resources */,
			);
			runOnlyForDeploymentPostprocessing = 0;
		};
		AAEFAEB82A2F742F00B9170C /* Resources */ = {
			isa = PBXResourcesBuildPhase;
			buildActionMask = 2147483647;
			files = (
			);
			runOnlyForDeploymentPostprocessing = 0;
		};
		AAEFAEC72A2F743800B9170C /* Resources */ = {
			isa = PBXResourcesBuildPhase;
			buildActionMask = 2147483647;
			files = (
			);
			runOnlyForDeploymentPostprocessing = 0;
		};
/* End PBXResourcesBuildPhase section */

/* Begin PBXSourcesBuildPhase section */
		AAE173D029DEC863000BBE2B /* Sources */ = {
			isa = PBXSourcesBuildPhase;
			buildActionMask = 2147483647;
			files = (
				AA3AAE2B29F953D700601702 /* SignUpView.swift in Sources */,
				AA0034162A02544100CBF445 /* MainView.swift in Sources */,
				AA3AAE2A29F953D700601702 /* LoginView.swift in Sources */,
				AAEFAE0A2A20D1D200B9170C /* NewProjectView.swift in Sources */,
				AAE173DA29DEC863000BBE2B /* ContentView.swift in Sources */,
				AA3AAE2D29F953E300601702 /* LoginViewModel.swift in Sources */,
				AAE173D829DEC863000BBE2B /* BrainyApp.swift in Sources */,
				AA43DBAE2A094661000CEE70 /* PasswordResetView.swift in Sources */,
			);
			runOnlyForDeploymentPostprocessing = 0;
		};
		AAEFAEB62A2F742F00B9170C /* Sources */ = {
			isa = PBXSourcesBuildPhase;
			buildActionMask = 2147483647;
			files = (
				AAEFAEBD2A2F742F00B9170C /* BrainyUITests.swift in Sources */,
				AAEFAEBF2A2F742F00B9170C /* BrainyUITestsLaunchTests.swift in Sources */,
			);
			runOnlyForDeploymentPostprocessing = 0;
		};
		AAEFAEC52A2F743800B9170C /* Sources */ = {
			isa = PBXSourcesBuildPhase;
			buildActionMask = 2147483647;
			files = (
				AAEFAECC2A2F743800B9170C /* BrainyTests.swift in Sources */,
			);
			runOnlyForDeploymentPostprocessing = 0;
		};
/* End PBXSourcesBuildPhase section */

/* Begin PBXTargetDependency section */
		AAEFAEC12A2F742F00B9170C /* PBXTargetDependency */ = {
			isa = PBXTargetDependency;
			target = AAE173D329DEC863000BBE2B /* Brainy */;
			targetProxy = AAEFAEC02A2F742F00B9170C /* PBXContainerItemProxy */;
		};
		AAEFAECE2A2F743800B9170C /* PBXTargetDependency */ = {
			isa = PBXTargetDependency;
			target = AAE173D329DEC863000BBE2B /* Brainy */;
			targetProxy = AAEFAECD2A2F743800B9170C /* PBXContainerItemProxy */;
		};
/* End PBXTargetDependency section */

/* Begin XCBuildConfiguration section */
		AAE173E029DEC865000BBE2B /* Debug */ = {
			isa = XCBuildConfiguration;
			buildSettings = {
				ALWAYS_SEARCH_USER_PATHS = NO;
				CLANG_ANALYZER_NONNULL = YES;
				CLANG_ANALYZER_NUMBER_OBJECT_CONVERSION = YES_AGGRESSIVE;
				CLANG_CXX_LANGUAGE_STANDARD = "gnu++20";
				CLANG_ENABLE_MODULES = YES;
				CLANG_ENABLE_OBJC_ARC = YES;
				CLANG_ENABLE_OBJC_WEAK = YES;
				CLANG_WARN_BLOCK_CAPTURE_AUTORELEASING = YES;
				CLANG_WARN_BOOL_CONVERSION = YES;
				CLANG_WARN_COMMA = YES;
				CLANG_WARN_CONSTANT_CONVERSION = YES;
				CLANG_WARN_DEPRECATED_OBJC_IMPLEMENTATIONS = YES;
				CLANG_WARN_DIRECT_OBJC_ISA_USAGE = YES_ERROR;
				CLANG_WARN_DOCUMENTATION_COMMENTS = YES;
				CLANG_WARN_EMPTY_BODY = YES;
				CLANG_WARN_ENUM_CONVERSION = YES;
				CLANG_WARN_INFINITE_RECURSION = YES;
				CLANG_WARN_INT_CONVERSION = YES;
				CLANG_WARN_NON_LITERAL_NULL_CONVERSION = YES;
				CLANG_WARN_OBJC_IMPLICIT_RETAIN_SELF = YES;
				CLANG_WARN_OBJC_LITERAL_CONVERSION = YES;
				CLANG_WARN_OBJC_ROOT_CLASS = YES_ERROR;
				CLANG_WARN_QUOTED_INCLUDE_IN_FRAMEWORK_HEADER = YES;
				CLANG_WARN_RANGE_LOOP_ANALYSIS = YES;
				CLANG_WARN_STRICT_PROTOTYPES = YES;
				CLANG_WARN_SUSPICIOUS_MOVE = YES;
				CLANG_WARN_UNGUARDED_AVAILABILITY = YES_AGGRESSIVE;
				CLANG_WARN_UNREACHABLE_CODE = YES;
				CLANG_WARN__DUPLICATE_METHOD_MATCH = YES;
				COPY_PHASE_STRIP = NO;
				DEBUG_INFORMATION_FORMAT = dwarf;
				ENABLE_STRICT_OBJC_MSGSEND = YES;
				ENABLE_TESTABILITY = YES;
				GCC_C_LANGUAGE_STANDARD = gnu11;
				GCC_DYNAMIC_NO_PIC = NO;
				GCC_NO_COMMON_BLOCKS = YES;
				GCC_OPTIMIZATION_LEVEL = 0;
				GCC_PREPROCESSOR_DEFINITIONS = (
					"DEBUG=1",
					"$(inherited)",
				);
				GCC_WARN_64_TO_32_BIT_CONVERSION = YES;
				GCC_WARN_ABOUT_RETURN_TYPE = YES_ERROR;
				GCC_WARN_UNDECLARED_SELECTOR = YES;
				GCC_WARN_UNINITIALIZED_AUTOS = YES_AGGRESSIVE;
				GCC_WARN_UNUSED_FUNCTION = YES;
				GCC_WARN_UNUSED_VARIABLE = YES;
				IPHONEOS_DEPLOYMENT_TARGET = 16.4;
				MTL_ENABLE_DEBUG_INFO = INCLUDE_SOURCE;
				MTL_FAST_MATH = YES;
				ONLY_ACTIVE_ARCH = YES;
				SDKROOT = iphoneos;
				SWIFT_ACTIVE_COMPILATION_CONDITIONS = DEBUG;
				SWIFT_OPTIMIZATION_LEVEL = "-Onone";
			};
			name = Debug;
		};
		AAE173E129DEC865000BBE2B /* Release */ = {
			isa = XCBuildConfiguration;
			buildSettings = {
				ALWAYS_SEARCH_USER_PATHS = NO;
				CLANG_ANALYZER_NONNULL = YES;
				CLANG_ANALYZER_NUMBER_OBJECT_CONVERSION = YES_AGGRESSIVE;
				CLANG_CXX_LANGUAGE_STANDARD = "gnu++20";
				CLANG_ENABLE_MODULES = YES;
				CLANG_ENABLE_OBJC_ARC = YES;
				CLANG_ENABLE_OBJC_WEAK = YES;
				CLANG_WARN_BLOCK_CAPTURE_AUTORELEASING = YES;
				CLANG_WARN_BOOL_CONVERSION = YES;
				CLANG_WARN_COMMA = YES;
				CLANG_WARN_CONSTANT_CONVERSION = YES;
				CLANG_WARN_DEPRECATED_OBJC_IMPLEMENTATIONS = YES;
				CLANG_WARN_DIRECT_OBJC_ISA_USAGE = YES_ERROR;
				CLANG_WARN_DOCUMENTATION_COMMENTS = YES;
				CLANG_WARN_EMPTY_BODY = YES;
				CLANG_WARN_ENUM_CONVERSION = YES;
				CLANG_WARN_INFINITE_RECURSION = YES;
				CLANG_WARN_INT_CONVERSION = YES;
				CLANG_WARN_NON_LITERAL_NULL_CONVERSION = YES;
				CLANG_WARN_OBJC_IMPLICIT_RETAIN_SELF = YES;
				CLANG_WARN_OBJC_LITERAL_CONVERSION = YES;
				CLANG_WARN_OBJC_ROOT_CLASS = YES_ERROR;
				CLANG_WARN_QUOTED_INCLUDE_IN_FRAMEWORK_HEADER = YES;
				CLANG_WARN_RANGE_LOOP_ANALYSIS = YES;
				CLANG_WARN_STRICT_PROTOTYPES = YES;
				CLANG_WARN_SUSPICIOUS_MOVE = YES;
				CLANG_WARN_UNGUARDED_AVAILABILITY = YES_AGGRESSIVE;
				CLANG_WARN_UNREACHABLE_CODE = YES;
				CLANG_WARN__DUPLICATE_METHOD_MATCH = YES;
				COPY_PHASE_STRIP = NO;
				DEBUG_INFORMATION_FORMAT = "dwarf-with-dsym";
				ENABLE_NS_ASSERTIONS = NO;
				ENABLE_STRICT_OBJC_MSGSEND = YES;
				GCC_C_LANGUAGE_STANDARD = gnu11;
				GCC_NO_COMMON_BLOCKS = YES;
				GCC_WARN_64_TO_32_BIT_CONVERSION = YES;
				GCC_WARN_ABOUT_RETURN_TYPE = YES_ERROR;
				GCC_WARN_UNDECLARED_SELECTOR = YES;
				GCC_WARN_UNINITIALIZED_AUTOS = YES_AGGRESSIVE;
				GCC_WARN_UNUSED_FUNCTION = YES;
				GCC_WARN_UNUSED_VARIABLE = YES;
				IPHONEOS_DEPLOYMENT_TARGET = 16.4;
				MTL_ENABLE_DEBUG_INFO = NO;
				MTL_FAST_MATH = YES;
				SDKROOT = iphoneos;
				SWIFT_COMPILATION_MODE = wholemodule;
				SWIFT_OPTIMIZATION_LEVEL = "-O";
				VALIDATE_PRODUCT = YES;
			};
			name = Release;
		};
		AAE173E329DEC865000BBE2B /* Debug */ = {
			isa = XCBuildConfiguration;
			buildSettings = {
				ASSETCATALOG_COMPILER_APPICON_NAME = AppIcon;
				ASSETCATALOG_COMPILER_GLOBAL_ACCENT_COLOR_NAME = AccentColor;
				CODE_SIGN_STYLE = Automatic;
				CURRENT_PROJECT_VERSION = 1;
				DEVELOPMENT_ASSET_PATHS = "\"Brainy/Preview Content\"";
				DEVELOPMENT_TEAM = W36L2A7H57;
				ENABLE_PREVIEWS = YES;
				GENERATE_INFOPLIST_FILE = YES;
				INFOPLIST_FILE = Brainy/Info.plist;
				INFOPLIST_KEY_UIApplicationSceneManifest_Generation = YES;
				INFOPLIST_KEY_UIApplicationSupportsIndirectInputEvents = YES;
				INFOPLIST_KEY_UILaunchScreen_Generation = YES;
				INFOPLIST_KEY_UISupportedInterfaceOrientations_iPad = "UIInterfaceOrientationPortrait UIInterfaceOrientationPortraitUpsideDown UIInterfaceOrientationLandscapeLeft UIInterfaceOrientationLandscapeRight";
				INFOPLIST_KEY_UISupportedInterfaceOrientations_iPhone = "UIInterfaceOrientationPortrait UIInterfaceOrientationLandscapeLeft UIInterfaceOrientationLandscapeRight";
				IPHONEOS_DEPLOYMENT_TARGET = 16.2;
				LD_RUNPATH_SEARCH_PATHS = (
					"$(inherited)",
					"@executable_path/Frameworks",
				);
				MARKETING_VERSION = 1.0;
				PRODUCT_BUNDLE_IDENTIFIER = com.project.Brainy;
				PRODUCT_NAME = "$(TARGET_NAME)";
				SWIFT_EMIT_LOC_STRINGS = YES;
				SWIFT_VERSION = 5.0;
				TARGETED_DEVICE_FAMILY = "1,2";
			};
			name = Debug;
		};
		AAE173E429DEC865000BBE2B /* Release */ = {
			isa = XCBuildConfiguration;
			buildSettings = {
				ASSETCATALOG_COMPILER_APPICON_NAME = AppIcon;
				ASSETCATALOG_COMPILER_GLOBAL_ACCENT_COLOR_NAME = AccentColor;
				CODE_SIGN_STYLE = Automatic;
				CURRENT_PROJECT_VERSION = 1;
				DEVELOPMENT_ASSET_PATHS = "\"Brainy/Preview Content\"";
				DEVELOPMENT_TEAM = W36L2A7H57;
				ENABLE_PREVIEWS = YES;
				GENERATE_INFOPLIST_FILE = YES;
				INFOPLIST_FILE = Brainy/Info.plist;
				INFOPLIST_KEY_UIApplicationSceneManifest_Generation = YES;
				INFOPLIST_KEY_UIApplicationSupportsIndirectInputEvents = YES;
				INFOPLIST_KEY_UILaunchScreen_Generation = YES;
				INFOPLIST_KEY_UISupportedInterfaceOrientations_iPad = "UIInterfaceOrientationPortrait UIInterfaceOrientationPortraitUpsideDown UIInterfaceOrientationLandscapeLeft UIInterfaceOrientationLandscapeRight";
				INFOPLIST_KEY_UISupportedInterfaceOrientations_iPhone = "UIInterfaceOrientationPortrait UIInterfaceOrientationLandscapeLeft UIInterfaceOrientationLandscapeRight";
				IPHONEOS_DEPLOYMENT_TARGET = 16.2;
				LD_RUNPATH_SEARCH_PATHS = (
					"$(inherited)",
					"@executable_path/Frameworks",
				);
				MARKETING_VERSION = 1.0;
				PRODUCT_BUNDLE_IDENTIFIER = com.project.Brainy;
				PRODUCT_NAME = "$(TARGET_NAME)";
				SWIFT_EMIT_LOC_STRINGS = YES;
				SWIFT_VERSION = 5.0;
				TARGETED_DEVICE_FAMILY = "1,2";
			};
			name = Release;
		};
		AAEFAEC32A2F742F00B9170C /* Debug */ = {
			isa = XCBuildConfiguration;
			buildSettings = {
				CODE_SIGN_STYLE = Automatic;
				CURRENT_PROJECT_VERSION = 1;
				DEVELOPMENT_TEAM = W36L2A7H57;
				GENERATE_INFOPLIST_FILE = YES;
				IPHONEOS_DEPLOYMENT_TARGET = 16.2;
				MARKETING_VERSION = 1.0;
				PRODUCT_BUNDLE_IDENTIFIER = com.project.BrainyUITests;
				PRODUCT_NAME = "$(TARGET_NAME)";
				SWIFT_EMIT_LOC_STRINGS = NO;
				SWIFT_VERSION = 5.0;
				TARGETED_DEVICE_FAMILY = "1,2";
				TEST_TARGET_NAME = Brainy;
			};
			name = Debug;
		};
		AAEFAEC42A2F742F00B9170C /* Release */ = {
			isa = XCBuildConfiguration;
			buildSettings = {
				CODE_SIGN_STYLE = Automatic;
				CURRENT_PROJECT_VERSION = 1;
				DEVELOPMENT_TEAM = W36L2A7H57;
				GENERATE_INFOPLIST_FILE = YES;
				IPHONEOS_DEPLOYMENT_TARGET = 16.2;
				MARKETING_VERSION = 1.0;
				PRODUCT_BUNDLE_IDENTIFIER = com.project.BrainyUITests;
				PRODUCT_NAME = "$(TARGET_NAME)";
				SWIFT_EMIT_LOC_STRINGS = NO;
				SWIFT_VERSION = 5.0;
				TARGETED_DEVICE_FAMILY = "1,2";
				TEST_TARGET_NAME = Brainy;
			};
			name = Release;
		};
		AAEFAED02A2F743800B9170C /* Debug */ = {
			isa = XCBuildConfiguration;
			buildSettings = {
				BUNDLE_LOADER = "$(TEST_HOST)";
				CODE_SIGN_STYLE = Automatic;
				CURRENT_PROJECT_VERSION = 1;
				DEVELOPMENT_TEAM = W36L2A7H57;
				GENERATE_INFOPLIST_FILE = YES;
				IPHONEOS_DEPLOYMENT_TARGET = 16.2;
				MARKETING_VERSION = 1.0;
				PRODUCT_BUNDLE_IDENTIFIER = com.project.BrainyTests;
				PRODUCT_NAME = "$(TARGET_NAME)";
				SWIFT_EMIT_LOC_STRINGS = NO;
				SWIFT_VERSION = 5.0;
				TARGETED_DEVICE_FAMILY = "1,2";
				TEST_HOST = "$(BUILT_PRODUCTS_DIR)/Brainy.app/$(BUNDLE_EXECUTABLE_FOLDER_PATH)/Brainy";
			};
			name = Debug;
		};
		AAEFAED12A2F743800B9170C /* Release */ = {
			isa = XCBuildConfiguration;
			buildSettings = {
				BUNDLE_LOADER = "$(TEST_HOST)";
				CODE_SIGN_STYLE = Automatic;
				CURRENT_PROJECT_VERSION = 1;
				DEVELOPMENT_TEAM = W36L2A7H57;
				GENERATE_INFOPLIST_FILE = YES;
				IPHONEOS_DEPLOYMENT_TARGET = 16.2;
				MARKETING_VERSION = 1.0;
				PRODUCT_BUNDLE_IDENTIFIER = com.project.BrainyTests;
				PRODUCT_NAME = "$(TARGET_NAME)";
				SWIFT_EMIT_LOC_STRINGS = NO;
				SWIFT_VERSION = 5.0;
				TARGETED_DEVICE_FAMILY = "1,2";
				TEST_HOST = "$(BUILT_PRODUCTS_DIR)/Brainy.app/$(BUNDLE_EXECUTABLE_FOLDER_PATH)/Brainy";
			};
			name = Release;
		};
/* End XCBuildConfiguration section */

/* Begin XCConfigurationList section */
		AAE173CF29DEC863000BBE2B /* Build configuration list for PBXProject "Brainy" */ = {
			isa = XCConfigurationList;
			buildConfigurations = (
				AAE173E029DEC865000BBE2B /* Debug */,
				AAE173E129DEC865000BBE2B /* Release */,
			);
			defaultConfigurationIsVisible = 0;
			defaultConfigurationName = Release;
		};
		AAE173E229DEC865000BBE2B /* Build configuration list for PBXNativeTarget "Brainy" */ = {
			isa = XCConfigurationList;
			buildConfigurations = (
				AAE173E329DEC865000BBE2B /* Debug */,
				AAE173E429DEC865000BBE2B /* Release */,
			);
			defaultConfigurationIsVisible = 0;
			defaultConfigurationName = Release;
		};
		AAEFAEC22A2F742F00B9170C /* Build configuration list for PBXNativeTarget "BrainyUITests" */ = {
			isa = XCConfigurationList;
			buildConfigurations = (
				AAEFAEC32A2F742F00B9170C /* Debug */,
				AAEFAEC42A2F742F00B9170C /* Release */,
			);
			defaultConfigurationIsVisible = 0;
			defaultConfigurationName = Release;
		};
		AAEFAECF2A2F743800B9170C /* Build configuration list for PBXNativeTarget "BrainyTests" */ = {
			isa = XCConfigurationList;
			buildConfigurations = (
				AAEFAED02A2F743800B9170C /* Debug */,
				AAEFAED12A2F743800B9170C /* Release */,
			);
			defaultConfigurationIsVisible = 0;
			defaultConfigurationName = Release;
		};
/* End XCConfigurationList section */

/* Begin XCRemoteSwiftPackageReference section */
		AA3AAE2F29F9544C00601702 /* XCRemoteSwiftPackageReference "firebase-ios-sdk" */ = {
			isa = XCRemoteSwiftPackageReference;
			repositoryURL = "https://github.com/firebase/firebase-ios-sdk";
			requirement = {
				kind = upToNextMajorVersion;
				minimumVersion = 10.0.0;
			};
		};
/* End XCRemoteSwiftPackageReference section */

/* Begin XCSwiftPackageProductDependency section */
		AA3AAE3029F9544C00601702 /* FirebaseAuth */ = {
			isa = XCSwiftPackageProductDependency;
			package = AA3AAE2F29F9544C00601702 /* XCRemoteSwiftPackageReference "firebase-ios-sdk" */;
			productName = FirebaseAuth;
		};
/* End XCSwiftPackageProductDependency section */
	};
	rootObject = AAE173CC29DEC863000BBE2B /* Project object */;
}
